
Microsoft Visual Studio Solution File, Format Version 12.00
# Visual Studio Version 17
VisualStudioVersion = 17.6.33829.357
MinimumVisualStudioVersion = 10.0.40219.1
Project("{FAE04EC0-301F-11D3-BF4B-00C04F79EFBC}") = "UserManagementSystem", "UserManagementSystem.csproj", "{34C3CAB9-D982-47B6-9FEE-304DC66771EE}"
EndProject
Global
	GlobalSection(SolutionConfigurationPlatforms) = preSolution
		Debug|Any CPU = Debug|Any CPU
		Release|Any CPU = Release|Any CPU
	EndGlobalSection
	GlobalSection(ProjectConfigurationPlatforms) = postSolution
		{34C3CAB9-D982-47B6-9FEE-304DC66771EE}.Debug|Any CPU.ActiveCfg = Debug|Any CPU
		{34C3CAB9-D982-47B6-9FEE-304DC66771EE}.Debug|Any CPU.Build.0 = Debug|Any CPU
		{34C3CAB9-D982-47B6-9FEE-304DC66771EE}.Release|Any CPU.ActiveCfg = Release|Any CPU
		{34C3CAB9-D982-47B6-9FEE-304DC66771EE}.Release|Any CPU.Build.0 = Release|Any CPU
	EndGlobalSection
	GlobalSection(SolutionProperties) = preSolution
		HideSolutionNode = FALSE
	EndGlobalSection
	GlobalSection(ExtensibilityGlobals) = postSolution
		SolutionGuid = {EC12A1CF-1BEC-4B34-AA91-452AA8939CFC}
	EndGlobalSection
EndGlobal
